
Microsoft Visual Studio Solution File, Format Version 12.00
# Visual Studio Version 17
VisualStudioVersion = 17.11.35222.181
MinimumVisualStudioVersion = 10.0.40219.1
Project("{9A19103F-16F7-4668-BE54-9A1E7A4F7556}") = "AlainaGarcia_Ap1_P1", "AlainaGarcia_Ap1_P1.csproj", "{B5CCCA06-5C84-42E1-8DF1-68C7034AABE4}"
EndProject
Global
	GlobalSection(SolutionConfigurationPlatforms) = preSolution
		Debug|Any CPU = Debug|Any CPU
		Release|Any CPU = Release|Any CPU
	EndGlobalSection
	GlobalSection(ProjectConfigurationPlatforms) = postSolution
		{B5CCCA06-5C84-42E1-8DF1-68C7034AABE4}.Debug|Any CPU.ActiveCfg = Debug|Any CPU
		{B5CCCA06-5C84-42E1-8DF1-68C7034AABE4}.Debug|Any CPU.Build.0 = Debug|Any CPU
		{B5CCCA06-5C84-42E1-8DF1-68C7034AABE4}.Release|Any CPU.ActiveCfg = Release|Any CPU
		{B5CCCA06-5C84-42E1-8DF1-68C7034AABE4}.Release|Any CPU.Build.0 = Release|Any CPU
	EndGlobalSection
	GlobalSection(SolutionProperties) = preSolution
		HideSolutionNode = FALSE
	EndGlobalSection
	GlobalSection(ExtensibilityGlobals) = postSolution
		SolutionGuid = {D90CAAFF-5C88-47F8-BE6F-2DA7612B593C}
	EndGlobalSection
EndGlobal
